
Microsoft Visual Studio Solution File, Format Version 12.00
# Visual Studio 2017
Project("{FAE04EC0-301F-11D3-BF4B-00C04F79EFBC}") = "Invokers", "Invokers.csproj", "{5438FCD3-F85A-1820-D8E7-0FEA23DD938B}"
EndProject
Global
	GlobalSection(SolutionConfigurationPlatforms) = preSolution
		Debug|Any CPU = Debug|Any CPU
		Release|Any CPU = Release|Any CPU
	EndGlobalSection
	GlobalSection(ProjectConfigurationPlatforms) = postSolution
		{5438FCD3-F85A-1820-D8E7-0FEA23DD938B}.Debug|Any CPU.ActiveCfg = Debug|Any CPU
		{5438FCD3-F85A-1820-D8E7-0FEA23DD938B}.Debug|Any CPU.Build.0 = Debug|Any CPU
		{5438FCD3-F85A-1820-D8E7-0FEA23DD938B}.Release|Any CPU.ActiveCfg = Release|Any CPU
		{5438FCD3-F85A-1820-D8E7-0FEA23DD938B}.Release|Any CPU.Build.0 = Release|Any CPU
	EndGlobalSection
	GlobalSection(SolutionProperties) = preSolution
		HideSolutionNode = FALSE
	EndGlobalSection
EndGlobal
